{
  "name": "commander-tabtab",
  "version": "0.1.0",
  "lockfileVersion": 1,
  "requires": true,
  "dependencies": {
    "tabtab": {
      "version": "0.0.4",
      "resolved": "https://registry.npmjs.org/tabtab/-/tabtab-0.0.4.tgz",
      "integrity": "sha1-h5xn9/RQi9gkQt2iWDDunl3ecJE="
    }
  }
}
